
Microsoft Visual Studio Solution File, Format Version 12.00
# Visual Studio Version 16
VisualStudioVersion = 16.0.31605.320
MinimumVisualStudioVersion = 10.0.40219.1
Project("{FAE04EC0-301F-11D3-BF4B-00C04F79EFBC}") = "OnTapKiemTra1", "OnTapKiemTra1\OnTapKiemTra1.csproj", "{48A9B17E-58A0-4267-B775-5D2D79FA1B07}"
EndProject
Global
	GlobalSection(SolutionConfigurationPlatforms) = preSolution
		Debug|Any CPU = Debug|Any CPU
		Release|Any CPU = Release|Any CPU
	EndGlobalSection
	GlobalSection(ProjectConfigurationPlatforms) = postSolution
		{48A9B17E-58A0-4267-B775-5D2D79FA1B07}.Debug|Any CPU.ActiveCfg = Debug|Any CPU
		{48A9B17E-58A0-4267-B775-5D2D79FA1B07}.Debug|Any CPU.Build.0 = Debug|Any CPU
		{48A9B17E-58A0-4267-B775-5D2D79FA1B07}.Release|Any CPU.ActiveCfg = Release|Any CPU
		{48A9B17E-58A0-4267-B775-5D2D79FA1B07}.Release|Any CPU.Build.0 = Release|Any CPU
	EndGlobalSection
	GlobalSection(SolutionProperties) = preSolution
		HideSolutionNode = FALSE
	EndGlobalSection
	GlobalSection(ExtensibilityGlobals) = postSolution
		SolutionGuid = {7FC85F93-03FF-4AE1-96AD-E3217009BFC7}
	EndGlobalSection
EndGlobal
