
Microsoft Visual Studio Solution File, Format Version 12.00
# Visual Studio Version 16
VisualStudioVersion = 16.0.31605.320
MinimumVisualStudioVersion = 10.0.40219.1
Project("{FAE04EC0-301F-11D3-BF4B-00C04F79EFBC}") = "Lab04_Demo", "Lab04_Demo\Lab04_Demo.csproj", "{2D721034-0F64-425E-A693-E6BAE437C069}"
EndProject
Global
	GlobalSection(SolutionConfigurationPlatforms) = preSolution
		Debug|Any CPU = Debug|Any CPU
		Release|Any CPU = Release|Any CPU
	EndGlobalSection
	GlobalSection(ProjectConfigurationPlatforms) = postSolution
		{2D721034-0F64-425E-A693-E6BAE437C069}.Debug|Any CPU.ActiveCfg = Debug|Any CPU
		{2D721034-0F64-425E-A693-E6BAE437C069}.Debug|Any CPU.Build.0 = Debug|Any CPU
		{2D721034-0F64-425E-A693-E6BAE437C069}.Release|Any CPU.ActiveCfg = Release|Any CPU
		{2D721034-0F64-425E-A693-E6BAE437C069}.Release|Any CPU.Build.0 = Release|Any CPU
	EndGlobalSection
	GlobalSection(SolutionProperties) = preSolution
		HideSolutionNode = FALSE
	EndGlobalSection
	GlobalSection(ExtensibilityGlobals) = postSolution
		SolutionGuid = {E6530420-C75F-4001-AC11-9CE813A3B2F5}
	EndGlobalSection
EndGlobal
