
Microsoft Visual Studio Solution File, Format Version 12.00
# Visual Studio Version 16
VisualStudioVersion = 16.0.31605.320
MinimumVisualStudioVersion = 10.0.40219.1
Project("{FAE04EC0-301F-11D3-BF4B-00C04F79EFBC}") = "Lab03_Demo", "Lab03_Demo\Lab03_Demo.csproj", "{0B974530-5717-4BF0-BD5B-806DEFC7886C}"
EndProject
Global
	GlobalSection(SolutionConfigurationPlatforms) = preSolution
		Debug|Any CPU = Debug|Any CPU
		Release|Any CPU = Release|Any CPU
	EndGlobalSection
	GlobalSection(ProjectConfigurationPlatforms) = postSolution
		{0B974530-5717-4BF0-BD5B-806DEFC7886C}.Debug|Any CPU.ActiveCfg = Debug|Any CPU
		{0B974530-5717-4BF0-BD5B-806DEFC7886C}.Debug|Any CPU.Build.0 = Debug|Any CPU
		{0B974530-5717-4BF0-BD5B-806DEFC7886C}.Release|Any CPU.ActiveCfg = Release|Any CPU
		{0B974530-5717-4BF0-BD5B-806DEFC7886C}.Release|Any CPU.Build.0 = Release|Any CPU
	EndGlobalSection
	GlobalSection(SolutionProperties) = preSolution
		HideSolutionNode = FALSE
	EndGlobalSection
	GlobalSection(ExtensibilityGlobals) = postSolution
		SolutionGuid = {1A75B88E-76F4-4FBC-A0BF-17592B753BF6}
	EndGlobalSection
EndGlobal
