
Microsoft Visual Studio Solution File, Format Version 12.00
# Visual Studio Version 16
VisualStudioVersion = 16.0.31605.320
MinimumVisualStudioVersion = 10.0.40219.1
Project("{FAE04EC0-301F-11D3-BF4B-00C04F79EFBC}") = "LoginUI", "LoginUI\LoginUI.csproj", "{01173F93-B67E-4BE4-9789-69D9FE0FA483}"
EndProject
Global
	GlobalSection(SolutionConfigurationPlatforms) = preSolution
		Debug|Any CPU = Debug|Any CPU
		Release|Any CPU = Release|Any CPU
	EndGlobalSection
	GlobalSection(ProjectConfigurationPlatforms) = postSolution
		{01173F93-B67E-4BE4-9789-69D9FE0FA483}.Debug|Any CPU.ActiveCfg = Debug|Any CPU
		{01173F93-B67E-4BE4-9789-69D9FE0FA483}.Debug|Any CPU.Build.0 = Debug|Any CPU
		{01173F93-B67E-4BE4-9789-69D9FE0FA483}.Release|Any CPU.ActiveCfg = Release|Any CPU
		{01173F93-B67E-4BE4-9789-69D9FE0FA483}.Release|Any CPU.Build.0 = Release|Any CPU
	EndGlobalSection
	GlobalSection(SolutionProperties) = preSolution
		HideSolutionNode = FALSE
	EndGlobalSection
	GlobalSection(ExtensibilityGlobals) = postSolution
		SolutionGuid = {548625D5-5E73-4F6B-B1D9-A57E4546ADEE}
	EndGlobalSection
EndGlobal
