
Microsoft Visual Studio Solution File, Format Version 12.00
# Visual Studio Version 16
VisualStudioVersion = 16.0.31605.320
MinimumVisualStudioVersion = 10.0.40219.1
Project("{FAE04EC0-301F-11D3-BF4B-00C04F79EFBC}") = "QuanLyTruongHoc", "QuanLyTruongHoc\QuanLyTruongHoc.csproj", "{347435D7-3351-49B9-AAD4-442B412DBA0E}"
EndProject
Global
	GlobalSection(SolutionConfigurationPlatforms) = preSolution
		Debug|Any CPU = Debug|Any CPU
		Release|Any CPU = Release|Any CPU
	EndGlobalSection
	GlobalSection(ProjectConfigurationPlatforms) = postSolution
		{347435D7-3351-49B9-AAD4-442B412DBA0E}.Debug|Any CPU.ActiveCfg = Debug|Any CPU
		{347435D7-3351-49B9-AAD4-442B412DBA0E}.Debug|Any CPU.Build.0 = Debug|Any CPU
		{347435D7-3351-49B9-AAD4-442B412DBA0E}.Release|Any CPU.ActiveCfg = Release|Any CPU
		{347435D7-3351-49B9-AAD4-442B412DBA0E}.Release|Any CPU.Build.0 = Release|Any CPU
	EndGlobalSection
	GlobalSection(SolutionProperties) = preSolution
		HideSolutionNode = FALSE
	EndGlobalSection
	GlobalSection(ExtensibilityGlobals) = postSolution
		SolutionGuid = {CC39E19D-40E4-47D9-8276-B2C692094A69}
	EndGlobalSection
EndGlobal
