
Microsoft Visual Studio Solution File, Format Version 12.00
# Visual Studio Version 16
VisualStudioVersion = 16.0.31605.320
MinimumVisualStudioVersion = 10.0.40219.1
Project("{FAE04EC0-301F-11D3-BF4B-00C04F79EFBC}") = "Lab04_MyEditor", "Lab04_MyEditor\Lab04_MyEditor.csproj", "{F6EB6C9D-506C-439B-A7C2-D0EEE9004D48}"
EndProject
Global
	GlobalSection(SolutionConfigurationPlatforms) = preSolution
		Debug|Any CPU = Debug|Any CPU
		Release|Any CPU = Release|Any CPU
	EndGlobalSection
	GlobalSection(ProjectConfigurationPlatforms) = postSolution
		{F6EB6C9D-506C-439B-A7C2-D0EEE9004D48}.Debug|Any CPU.ActiveCfg = Debug|Any CPU
		{F6EB6C9D-506C-439B-A7C2-D0EEE9004D48}.Debug|Any CPU.Build.0 = Debug|Any CPU
		{F6EB6C9D-506C-439B-A7C2-D0EEE9004D48}.Release|Any CPU.ActiveCfg = Release|Any CPU
		{F6EB6C9D-506C-439B-A7C2-D0EEE9004D48}.Release|Any CPU.Build.0 = Release|Any CPU
	EndGlobalSection
	GlobalSection(SolutionProperties) = preSolution
		HideSolutionNode = FALSE
	EndGlobalSection
	GlobalSection(ExtensibilityGlobals) = postSolution
		SolutionGuid = {D0036C49-B381-43D2-A64D-783F70F6C757}
	EndGlobalSection
EndGlobal
