
Microsoft Visual Studio Solution File, Format Version 12.00
# Visual Studio Version 16
VisualStudioVersion = 16.0.31605.320
MinimumVisualStudioVersion = 10.0.40219.1
Project("{FAE04EC0-301F-11D3-BF4B-00C04F79EFBC}") = "BaiTapBuoi1", "BaiTapBuoi1\BaiTapBuoi1.csproj", "{37C60DF1-DD5B-4E81-A66B-C10DB6073FC4}"
EndProject
Project("{FAE04EC0-301F-11D3-BF4B-00C04F79EFBC}") = "MaskedTextBox", "MaskedTextBox\MaskedTextBox.csproj", "{A8692345-86AA-4256-8B6C-85CC615DD388}"
EndProject
Project("{FAE04EC0-301F-11D3-BF4B-00C04F79EFBC}") = "Ex42", "Ex42\Ex42.csproj", "{A6EE8808-D362-4662-983F-854B3FDDDF1F}"
EndProject
Project("{FAE04EC0-301F-11D3-BF4B-00C04F79EFBC}") = "Ex48", "Ex48\Ex48.csproj", "{6ECD31BC-3C0F-4F9B-B1B3-F0D06B276ACF}"
EndProject
Project("{FAE04EC0-301F-11D3-BF4B-00C04F79EFBC}") = "Ex52", "Ex52\Ex52.csproj", "{26C923DA-5436-4D2A-91A2-80A67C4965C6}"
EndProject
Project("{FAE04EC0-301F-11D3-BF4B-00C04F79EFBC}") = "Ex57", "Ex57\Ex57.csproj", "{79111989-CF5F-47A0-B598-1595C36EA749}"
EndProject
Project("{FAE04EC0-301F-11D3-BF4B-00C04F79EFBC}") = "Ex60", "Ex60\Ex60.csproj", "{B90DBBB5-0D12-4A34-B36D-27BD7AD2A4E1}"
EndProject
Project("{FAE04EC0-301F-11D3-BF4B-00C04F79EFBC}") = "Ex64", "Ex64\Ex64.csproj", "{9ADA26F6-79F5-4A3E-BAFA-F9ADBBA21B98}"
EndProject
Project("{FAE04EC0-301F-11D3-BF4B-00C04F79EFBC}") = "Ex72", "Ex72\Ex72.csproj", "{ABF6B8A1-4B41-4C6F-95B9-A1DC162A75D1}"
EndProject
Project("{FAE04EC0-301F-11D3-BF4B-00C04F79EFBC}") = "BooleanAlgebral", "BooleanAlgebral\BooleanAlgebral.csproj", "{298DEFF4-43C5-4DB0-84AB-ED513CCCEA0A}"
EndProject
Project("{FAE04EC0-301F-11D3-BF4B-00C04F79EFBC}") = "CompoundedInteresr", "CompoundedInteresr\CompoundedInteresr.csproj", "{584AB107-7D7F-48C1-94C5-1CA8ECAA0263}"
EndProject
Global
	GlobalSection(SolutionConfigurationPlatforms) = preSolution
		Debug|Any CPU = Debug|Any CPU
		Release|Any CPU = Release|Any CPU
	EndGlobalSection
	GlobalSection(ProjectConfigurationPlatforms) = postSolution
		{37C60DF1-DD5B-4E81-A66B-C10DB6073FC4}.Debug|Any CPU.ActiveCfg = Debug|Any CPU
		{37C60DF1-DD5B-4E81-A66B-C10DB6073FC4}.Debug|Any CPU.Build.0 = Debug|Any CPU
		{37C60DF1-DD5B-4E81-A66B-C10DB6073FC4}.Release|Any CPU.ActiveCfg = Release|Any CPU
		{37C60DF1-DD5B-4E81-A66B-C10DB6073FC4}.Release|Any CPU.Build.0 = Release|Any CPU
		{A8692345-86AA-4256-8B6C-85CC615DD388}.Debug|Any CPU.ActiveCfg = Debug|Any CPU
		{A8692345-86AA-4256-8B6C-85CC615DD388}.Debug|Any CPU.Build.0 = Debug|Any CPU
		{A8692345-86AA-4256-8B6C-85CC615DD388}.Release|Any CPU.ActiveCfg = Release|Any CPU
		{A8692345-86AA-4256-8B6C-85CC615DD388}.Release|Any CPU.Build.0 = Release|Any CPU
		{A6EE8808-D362-4662-983F-854B3FDDDF1F}.Debug|Any CPU.ActiveCfg = Debug|Any CPU
		{A6EE8808-D362-4662-983F-854B3FDDDF1F}.Debug|Any CPU.Build.0 = Debug|Any CPU
		{A6EE8808-D362-4662-983F-854B3FDDDF1F}.Release|Any CPU.ActiveCfg = Release|Any CPU
		{A6EE8808-D362-4662-983F-854B3FDDDF1F}.Release|Any CPU.Build.0 = Release|Any CPU
		{6ECD31BC-3C0F-4F9B-B1B3-F0D06B276ACF}.Debug|Any CPU.ActiveCfg = Debug|Any CPU
		{6ECD31BC-3C0F-4F9B-B1B3-F0D06B276ACF}.Debug|Any CPU.Build.0 = Debug|Any CPU
		{6ECD31BC-3C0F-4F9B-B1B3-F0D06B276ACF}.Release|Any CPU.ActiveCfg = Release|Any CPU
		{6ECD31BC-3C0F-4F9B-B1B3-F0D06B276ACF}.Release|Any CPU.Build.0 = Release|Any CPU
		{26C923DA-5436-4D2A-91A2-80A67C4965C6}.Debug|Any CPU.ActiveCfg = Debug|Any CPU
		{26C923DA-5436-4D2A-91A2-80A67C4965C6}.Debug|Any CPU.Build.0 = Debug|Any CPU
		{26C923DA-5436-4D2A-91A2-80A67C4965C6}.Release|Any CPU.ActiveCfg = Release|Any CPU
		{26C923DA-5436-4D2A-91A2-80A67C4965C6}.Release|Any CPU.Build.0 = Release|Any CPU
		{79111989-CF5F-47A0-B598-1595C36EA749}.Debug|Any CPU.ActiveCfg = Debug|Any CPU
		{79111989-CF5F-47A0-B598-1595C36EA749}.Debug|Any CPU.Build.0 = Debug|Any CPU
		{79111989-CF5F-47A0-B598-1595C36EA749}.Release|Any CPU.ActiveCfg = Release|Any CPU
		{79111989-CF5F-47A0-B598-1595C36EA749}.Release|Any CPU.Build.0 = Release|Any CPU
		{B90DBBB5-0D12-4A34-B36D-27BD7AD2A4E1}.Debug|Any CPU.ActiveCfg = Debug|Any CPU
		{B90DBBB5-0D12-4A34-B36D-27BD7AD2A4E1}.Debug|Any CPU.Build.0 = Debug|Any CPU
		{B90DBBB5-0D12-4A34-B36D-27BD7AD2A4E1}.Release|Any CPU.ActiveCfg = Release|Any CPU
		{B90DBBB5-0D12-4A34-B36D-27BD7AD2A4E1}.Release|Any CPU.Build.0 = Release|Any CPU
		{9ADA26F6-79F5-4A3E-BAFA-F9ADBBA21B98}.Debug|Any CPU.ActiveCfg = Debug|Any CPU
		{9ADA26F6-79F5-4A3E-BAFA-F9ADBBA21B98}.Debug|Any CPU.Build.0 = Debug|Any CPU
		{9ADA26F6-79F5-4A3E-BAFA-F9ADBBA21B98}.Release|Any CPU.ActiveCfg = Release|Any CPU
		{9ADA26F6-79F5-4A3E-BAFA-F9ADBBA21B98}.Release|Any CPU.Build.0 = Release|Any CPU
		{ABF6B8A1-4B41-4C6F-95B9-A1DC162A75D1}.Debug|Any CPU.ActiveCfg = Debug|Any CPU
		{ABF6B8A1-4B41-4C6F-95B9-A1DC162A75D1}.Debug|Any CPU.Build.0 = Debug|Any CPU
		{ABF6B8A1-4B41-4C6F-95B9-A1DC162A75D1}.Release|Any CPU.ActiveCfg = Release|Any CPU
		{ABF6B8A1-4B41-4C6F-95B9-A1DC162A75D1}.Release|Any CPU.Build.0 = Release|Any CPU
		{298DEFF4-43C5-4DB0-84AB-ED513CCCEA0A}.Debug|Any CPU.ActiveCfg = Debug|Any CPU
		{298DEFF4-43C5-4DB0-84AB-ED513CCCEA0A}.Debug|Any CPU.Build.0 = Debug|Any CPU
		{298DEFF4-43C5-4DB0-84AB-ED513CCCEA0A}.Release|Any CPU.ActiveCfg = Release|Any CPU
		{298DEFF4-43C5-4DB0-84AB-ED513CCCEA0A}.Release|Any CPU.Build.0 = Release|Any CPU
		{584AB107-7D7F-48C1-94C5-1CA8ECAA0263}.Debug|Any CPU.ActiveCfg = Debug|Any CPU
		{584AB107-7D7F-48C1-94C5-1CA8ECAA0263}.Debug|Any CPU.Build.0 = Debug|Any CPU
		{584AB107-7D7F-48C1-94C5-1CA8ECAA0263}.Release|Any CPU.ActiveCfg = Release|Any CPU
		{584AB107-7D7F-48C1-94C5-1CA8ECAA0263}.Release|Any CPU.Build.0 = Release|Any CPU
	EndGlobalSection
	GlobalSection(SolutionProperties) = preSolution
		HideSolutionNode = FALSE
	EndGlobalSection
	GlobalSection(ExtensibilityGlobals) = postSolution
		SolutionGuid = {629397B2-BCE0-4E09-B5A7-C5BC879356D0}
	EndGlobalSection
EndGlobal
